// !$*UTF8*$!
{
	archiveVersion = 1;
	classes = {
	};
	objectVersion = 50;
	objects = {

/* Begin PBXBuildFile section */
		411D364626CA7D2C00F77BC8 /* EssentialFeed.framework in Frameworks */ = {isa = PBXBuildFile; fileRef = 411D363C26CA7D2B00F77BC8 /* EssentialFeed.framework */; };
		411D364D26CA7D2C00F77BC8 /* EssentialFeed.h in Headers */ = {isa = PBXBuildFile; fileRef = 411D363F26CA7D2B00F77BC8 /* EssentialFeed.h */; settings = {ATTRIBUTES = (Public, ); }; };
		411D365726CA7D5600F77BC8 /* FeedItem.swift in Sources */ = {isa = PBXBuildFile; fileRef = 411D365626CA7D5600F77BC8 /* FeedItem.swift */; };
		411D365926CA7E0E00F77BC8 /* FeedLoader.swift in Sources */ = {isa = PBXBuildFile; fileRef = 411D365826CA7E0E00F77BC8 /* FeedLoader.swift */; };
		411D365C26CBB34500F77BC8 /* LoadFeedFromRemoteUseCaseTests.swift in Sources */ = {isa = PBXBuildFile; fileRef = 411D365B26CBB34500F77BC8 /* LoadFeedFromRemoteUseCaseTests.swift */; };
		411D365F26CC49A600F77BC8 /* RemoteFeedLoader.swift in Sources */ = {isa = PBXBuildFile; fileRef = 411D365E26CC49A600F77BC8 /* RemoteFeedLoader.swift */; };
		413B066B2714AF5A00468236 /* CodableFeedStore.swift in Sources */ = {isa = PBXBuildFile; fileRef = 413B066A2714AF5A00468236 /* CodableFeedStore.swift */; };
		413B066D2714AFD100468236 /* SharedTestHelpers.swift in Sources */ = {isa = PBXBuildFile; fileRef = 41649367270A3F0B00EE596C /* SharedTestHelpers.swift */; };
		413B066F2716130800468236 /* FeedStoreSpecs.swift in Sources */ = {isa = PBXBuildFile; fileRef = 413B066E2716130800468236 /* FeedStoreSpecs.swift */; };
		413B06712716D61800468236 /* XCTestCase+FeedStoreSpecs.swift in Sources */ = {isa = PBXBuildFile; fileRef = 413B06702716D61700468236 /* XCTestCase+FeedStoreSpecs.swift */; };
		413B0673271714E800468236 /* XCTestCase+FailableRetrieveFeedStoreSpecs.swift in Sources */ = {isa = PBXBuildFile; fileRef = 413B0672271714E800468236 /* XCTestCase+FailableRetrieveFeedStoreSpecs.swift */; };
		413B06752717166700468236 /* XCTestCase+FailableInsertFeedStoreSpecs.swift in Sources */ = {isa = PBXBuildFile; fileRef = 413B06742717166700468236 /* XCTestCase+FailableInsertFeedStoreSpecs.swift */; };
		413B0677271717BE00468236 /* XCTestCase+FailableDeleteFeedStoreSpecs.swift in Sources */ = {isa = PBXBuildFile; fileRef = 413B0676271717BE00468236 /* XCTestCase+FailableDeleteFeedStoreSpecs.swift */; };
		413B067A2721FDFC00468236 /* CoreDataFeedStoreTests.swift in Sources */ = {isa = PBXBuildFile; fileRef = 413B06792721FDFB00468236 /* CoreDataFeedStoreTests.swift */; };
		413B067C2721FFF300468236 /* CoreDataFeedStore.swift in Sources */ = {isa = PBXBuildFile; fileRef = 413B067B2721FFF300468236 /* CoreDataFeedStore.swift */; };
		413B06802722B4F800468236 /* FeedStore.xcdatamodeld in Sources */ = {isa = PBXBuildFile; fileRef = 413B067D2722038900468236 /* FeedStore.xcdatamodeld */; };
		4153299926D4CE6100EFBF56 /* HTTPClient.swift in Sources */ = {isa = PBXBuildFile; fileRef = 4153299826D4CE6100EFBF56 /* HTTPClient.swift */; };
		4153299B26D4CEE000EFBF56 /* FeedItemsMapper.swift in Sources */ = {isa = PBXBuildFile; fileRef = 4153299A26D4CEE000EFBF56 /* FeedItemsMapper.swift */; };
		4153299E26D92F5200EFBF56 /* URLSessionHTTPClientTests.swift in Sources */ = {isa = PBXBuildFile; fileRef = 4153299D26D92F5100EFBF56 /* URLSessionHTTPClientTests.swift */; };
		415329A126DE049C00EFBF56 /* XCTTestCase+MemoryLeakTrackingHelper.swift in Sources */ = {isa = PBXBuildFile; fileRef = 415329A026DE049C00EFBF56 /* XCTTestCase+MemoryLeakTrackingHelper.swift */; };
		415329A326DE54DA00EFBF56 /* URLSessionHTTPClient.swift in Sources */ = {isa = PBXBuildFile; fileRef = 415329A226DE54DA00EFBF56 /* URLSessionHTTPClient.swift */; };
		415329AB26E38DCA00EFBF56 /* EssentialFeedAPIEndToEndTests.swift in Sources */ = {isa = PBXBuildFile; fileRef = 415329AA26E38DCA00EFBF56 /* EssentialFeedAPIEndToEndTests.swift */; };
		415329AD26E38DCA00EFBF56 /* EssentialFeed.framework in Frameworks */ = {isa = PBXBuildFile; fileRef = 411D363C26CA7D2B00F77BC8 /* EssentialFeed.framework */; };
		415329B526E4EA9200EFBF56 /* XCTTestCase+MemoryLeakTrackingHelper.swift in Sources */ = {isa = PBXBuildFile; fileRef = 415329A026DE049C00EFBF56 /* XCTTestCase+MemoryLeakTrackingHelper.swift */; };
		41649364270A2A8C00EE596C /* ValidateFeedCacheUseCaseTests.swift in Sources */ = {isa = PBXBuildFile; fileRef = 41649363270A2A8C00EE596C /* ValidateFeedCacheUseCaseTests.swift */; };
		41649366270A3DE900EE596C /* FeedCacheTestHelpers.swift in Sources */ = {isa = PBXBuildFile; fileRef = 41649365270A3DE900EE596C /* FeedCacheTestHelpers.swift */; };
		416D0BF826FDC5A300EC7795 /* README.md in Resources */ = {isa = PBXBuildFile; fileRef = 416D0BF726FDC5A300EC7795 /* README.md */; };
		416D0BFB26FDCAF100EC7795 /* CacheFeedUseCaseTests.swift in Sources */ = {isa = PBXBuildFile; fileRef = 416D0BFA26FDCAF100EC7795 /* CacheFeedUseCaseTests.swift */; };
		416FCB4D270B7CB800A00BD3 /* FeedCachePolicy.swift in Sources */ = {isa = PBXBuildFile; fileRef = 416FCB4C270B7CB800A00BD3 /* FeedCachePolicy.swift */; };
		416FCB4F270CCD9600A00BD3 /* CodableFeedStoreTests.swift in Sources */ = {isa = PBXBuildFile; fileRef = 416FCB4E270CCD9600A00BD3 /* CodableFeedStoreTests.swift */; };
		417447732702558D004FF046 /* LocalFeedLoader.swift in Sources */ = {isa = PBXBuildFile; fileRef = 417447722702558D004FF046 /* LocalFeedLoader.swift */; };
		417447752702563E004FF046 /* FeedStore.swift in Sources */ = {isa = PBXBuildFile; fileRef = 417447742702563E004FF046 /* FeedStore.swift */; };
		4174477727037A74004FF046 /* RemoteFeedItem.swift in Sources */ = {isa = PBXBuildFile; fileRef = 4174477627037A74004FF046 /* RemoteFeedItem.swift */; };
		4174477927037AC4004FF046 /* LocalFeedImage.swift in Sources */ = {isa = PBXBuildFile; fileRef = 4174477827037AC4004FF046 /* LocalFeedImage.swift */; };
		41DBDBBB27046C71001F0717 /* LoadFeedFromCacheUseCaseTests.swift in Sources */ = {isa = PBXBuildFile; fileRef = 41DBDBBA27046C71001F0717 /* LoadFeedFromCacheUseCaseTests.swift */; };
		41DBDBBE27047163001F0717 /* FeedStoreSpy.swift in Sources */ = {isa = PBXBuildFile; fileRef = 41DBDBBD27047163001F0717 /* FeedStoreSpy.swift */; };
/* End PBXBuildFile section */

/* Begin PBXContainerItemProxy section */
		411D364726CA7D2C00F77BC8 /* PBXContainerItemProxy */ = {
			isa = PBXContainerItemProxy;
			containerPortal = 411D363326CA7D2B00F77BC8 /* Project object */;
			proxyType = 1;
			remoteGlobalIDString = 411D363B26CA7D2B00F77BC8;
			remoteInfo = EssentialFeed;
		};
		415329AE26E38DCA00EFBF56 /* PBXContainerItemProxy */ = {
			isa = PBXContainerItemProxy;
			containerPortal = 411D363326CA7D2B00F77BC8 /* Project object */;
			proxyType = 1;
			remoteGlobalIDString = 411D363B26CA7D2B00F77BC8;
			remoteInfo = EssentialFeed;
		};
/* End PBXContainerItemProxy section */

/* Begin PBXFileReference section */
		411D363C26CA7D2B00F77BC8 /* EssentialFeed.framework */ = {isa = PBXFileReference; explicitFileType = wrapper.framework; includeInIndex = 0; path = EssentialFeed.framework; sourceTree = BUILT_PRODUCTS_DIR; };
		411D363F26CA7D2B00F77BC8 /* EssentialFeed.h */ = {isa = PBXFileReference; lastKnownFileType = sourcecode.c.h; path = EssentialFeed.h; sourceTree = "<group>"; };
		411D364026CA7D2B00F77BC8 /* Info.plist */ = {isa = PBXFileReference; lastKnownFileType = text.plist.xml; path = Info.plist; sourceTree = "<group>"; };
		411D364526CA7D2C00F77BC8 /* EssentialFeedTests.xctest */ = {isa = PBXFileReference; explicitFileType = wrapper.cfbundle; includeInIndex = 0; path = EssentialFeedTests.xctest; sourceTree = BUILT_PRODUCTS_DIR; };
		411D364C26CA7D2C00F77BC8 /* Info.plist */ = {isa = PBXFileReference; lastKnownFileType = text.plist.xml; path = Info.plist; sourceTree = "<group>"; };
		411D365626CA7D5600F77BC8 /* FeedItem.swift */ = {isa = PBXFileReference; lastKnownFileType = sourcecode.swift; path = FeedItem.swift; sourceTree = "<group>"; };
		411D365826CA7E0E00F77BC8 /* FeedLoader.swift */ = {isa = PBXFileReference; lastKnownFileType = sourcecode.swift; path = FeedLoader.swift; sourceTree = "<group>"; };
		411D365B26CBB34500F77BC8 /* LoadFeedFromRemoteUseCaseTests.swift */ = {isa = PBXFileReference; lastKnownFileType = sourcecode.swift; path = LoadFeedFromRemoteUseCaseTests.swift; sourceTree = "<group>"; };
		411D365E26CC49A600F77BC8 /* RemoteFeedLoader.swift */ = {isa = PBXFileReference; lastKnownFileType = sourcecode.swift; path = RemoteFeedLoader.swift; sourceTree = "<group>"; };
		413B066A2714AF5A00468236 /* CodableFeedStore.swift */ = {isa = PBXFileReference; lastKnownFileType = sourcecode.swift; path = CodableFeedStore.swift; sourceTree = "<group>"; };
		413B066E2716130800468236 /* FeedStoreSpecs.swift */ = {isa = PBXFileReference; lastKnownFileType = sourcecode.swift; path = FeedStoreSpecs.swift; sourceTree = "<group>"; };
		413B06702716D61700468236 /* XCTestCase+FeedStoreSpecs.swift */ = {isa = PBXFileReference; lastKnownFileType = sourcecode.swift; path = "XCTestCase+FeedStoreSpecs.swift"; sourceTree = "<group>"; };
		413B0672271714E800468236 /* XCTestCase+FailableRetrieveFeedStoreSpecs.swift */ = {isa = PBXFileReference; lastKnownFileType = sourcecode.swift; path = "XCTestCase+FailableRetrieveFeedStoreSpecs.swift"; sourceTree = "<group>"; };
		413B06742717166700468236 /* XCTestCase+FailableInsertFeedStoreSpecs.swift */ = {isa = PBXFileReference; lastKnownFileType = sourcecode.swift; path = "XCTestCase+FailableInsertFeedStoreSpecs.swift"; sourceTree = "<group>"; };
		413B0676271717BE00468236 /* XCTestCase+FailableDeleteFeedStoreSpecs.swift */ = {isa = PBXFileReference; lastKnownFileType = sourcecode.swift; path = "XCTestCase+FailableDeleteFeedStoreSpecs.swift"; sourceTree = "<group>"; };
		413B06792721FDFB00468236 /* CoreDataFeedStoreTests.swift */ = {isa = PBXFileReference; lastKnownFileType = sourcecode.swift; path = CoreDataFeedStoreTests.swift; sourceTree = "<group>"; };
		413B067B2721FFF300468236 /* CoreDataFeedStore.swift */ = {isa = PBXFileReference; lastKnownFileType = sourcecode.swift; path = CoreDataFeedStore.swift; sourceTree = "<group>"; };
		413B067E2722038900468236 /* FeedStore.xcdatamodel */ = {isa = PBXFileReference; lastKnownFileType = wrapper.xcdatamodel; path = FeedStore.xcdatamodel; sourceTree = "<group>"; };
		4153299826D4CE6100EFBF56 /* HTTPClient.swift */ = {isa = PBXFileReference; lastKnownFileType = sourcecode.swift; path = HTTPClient.swift; sourceTree = "<group>"; };
		4153299A26D4CEE000EFBF56 /* FeedItemsMapper.swift */ = {isa = PBXFileReference; lastKnownFileType = sourcecode.swift; path = FeedItemsMapper.swift; sourceTree = "<group>"; };
		4153299D26D92F5100EFBF56 /* URLSessionHTTPClientTests.swift */ = {isa = PBXFileReference; lastKnownFileType = sourcecode.swift; path = URLSessionHTTPClientTests.swift; sourceTree = "<group>"; };
		415329A026DE049C00EFBF56 /* XCTTestCase+MemoryLeakTrackingHelper.swift */ = {isa = PBXFileReference; lastKnownFileType = sourcecode.swift; path = "XCTTestCase+MemoryLeakTrackingHelper.swift"; sourceTree = "<group>"; };
		415329A226DE54DA00EFBF56 /* URLSessionHTTPClient.swift */ = {isa = PBXFileReference; lastKnownFileType = sourcecode.swift; path = URLSessionHTTPClient.swift; sourceTree = "<group>"; };
		415329A826E38DC900EFBF56 /* EssentialFeedAPIEndToEndTests.xctest */ = {isa = PBXFileReference; explicitFileType = wrapper.cfbundle; includeInIndex = 0; path = EssentialFeedAPIEndToEndTests.xctest; sourceTree = BUILT_PRODUCTS_DIR; };
		415329AA26E38DCA00EFBF56 /* EssentialFeedAPIEndToEndTests.swift */ = {isa = PBXFileReference; lastKnownFileType = sourcecode.swift; path = EssentialFeedAPIEndToEndTests.swift; sourceTree = "<group>"; };
		415329AC26E38DCA00EFBF56 /* Info.plist */ = {isa = PBXFileReference; lastKnownFileType = text.plist.xml; path = Info.plist; sourceTree = "<group>"; };
		41649363270A2A8C00EE596C /* ValidateFeedCacheUseCaseTests.swift */ = {isa = PBXFileReference; lastKnownFileType = sourcecode.swift; path = ValidateFeedCacheUseCaseTests.swift; sourceTree = "<group>"; };
		41649365270A3DE900EE596C /* FeedCacheTestHelpers.swift */ = {isa = PBXFileReference; lastKnownFileType = sourcecode.swift; path = FeedCacheTestHelpers.swift; sourceTree = "<group>"; };
		41649367270A3F0B00EE596C /* SharedTestHelpers.swift */ = {isa = PBXFileReference; lastKnownFileType = sourcecode.swift; path = SharedTestHelpers.swift; sourceTree = "<group>"; };
		416D0BF726FDC5A300EC7795 /* README.md */ = {isa = PBXFileReference; fileEncoding = 4; lastKnownFileType = net.daringfireball.markdown; path = README.md; sourceTree = "<group>"; };
		416D0BFA26FDCAF100EC7795 /* CacheFeedUseCaseTests.swift */ = {isa = PBXFileReference; lastKnownFileType = sourcecode.swift; path = CacheFeedUseCaseTests.swift; sourceTree = "<group>"; };
		416FCB4C270B7CB800A00BD3 /* FeedCachePolicy.swift */ = {isa = PBXFileReference; lastKnownFileType = sourcecode.swift; path = FeedCachePolicy.swift; sourceTree = "<group>"; };
		416FCB4E270CCD9600A00BD3 /* CodableFeedStoreTests.swift */ = {isa = PBXFileReference; lastKnownFileType = sourcecode.swift; path = CodableFeedStoreTests.swift; sourceTree = "<group>"; };
		417447722702558D004FF046 /* LocalFeedLoader.swift */ = {isa = PBXFileReference; lastKnownFileType = sourcecode.swift; path = LocalFeedLoader.swift; sourceTree = "<group>"; };
		417447742702563E004FF046 /* FeedStore.swift */ = {isa = PBXFileReference; lastKnownFileType = sourcecode.swift; path = FeedStore.swift; sourceTree = "<group>"; };
		4174477627037A74004FF046 /* RemoteFeedItem.swift */ = {isa = PBXFileReference; lastKnownFileType = sourcecode.swift; path = RemoteFeedItem.swift; sourceTree = "<group>"; };
		4174477827037AC4004FF046 /* LocalFeedImage.swift */ = {isa = PBXFileReference; lastKnownFileType = sourcecode.swift; path = LocalFeedImage.swift; sourceTree = "<group>"; };
		41DBDBBA27046C71001F0717 /* LoadFeedFromCacheUseCaseTests.swift */ = {isa = PBXFileReference; lastKnownFileType = sourcecode.swift; path = LoadFeedFromCacheUseCaseTests.swift; sourceTree = "<group>"; };
		41DBDBBD27047163001F0717 /* FeedStoreSpy.swift */ = {isa = PBXFileReference; lastKnownFileType = sourcecode.swift; path = FeedStoreSpy.swift; sourceTree = "<group>"; };
/* End PBXFileReference section */

/* Begin PBXFrameworksBuildPhase section */
		411D363926CA7D2B00F77BC8 /* Frameworks */ = {
			isa = PBXFrameworksBuildPhase;
			buildActionMask = 2147483647;
			files = (
			);
			runOnlyForDeploymentPostprocessing = 0;
		};
		411D364226CA7D2C00F77BC8 /* Frameworks */ = {
			isa = PBXFrameworksBuildPhase;
			buildActionMask = 2147483647;
			files = (
				411D364626CA7D2C00F77BC8 /* EssentialFeed.framework in Frameworks */,
			);
			runOnlyForDeploymentPostprocessing = 0;
		};
		415329A526E38DC900EFBF56 /* Frameworks */ = {
			isa = PBXFrameworksBuildPhase;
			buildActionMask = 2147483647;
			files = (
				415329AD26E38DCA00EFBF56 /* EssentialFeed.framework in Frameworks */,
			);
			runOnlyForDeploymentPostprocessing = 0;
		};
/* End PBXFrameworksBuildPhase section */

/* Begin PBXGroup section */
		411D363226CA7D2B00F77BC8 = {
			isa = PBXGroup;
			children = (
				411D363E26CA7D2B00F77BC8 /* EssentialFeed */,
				411D364926CA7D2C00F77BC8 /* EssentialFeedTests */,
				415329A926E38DCA00EFBF56 /* EssentialFeedAPIEndToEndTests */,
				411D363D26CA7D2B00F77BC8 /* Products */,
			);
			sourceTree = "<group>";
		};
		411D363D26CA7D2B00F77BC8 /* Products */ = {
			isa = PBXGroup;
			children = (
				411D363C26CA7D2B00F77BC8 /* EssentialFeed.framework */,
				411D364526CA7D2C00F77BC8 /* EssentialFeedTests.xctest */,
				415329A826E38DC900EFBF56 /* EssentialFeedAPIEndToEndTests.xctest */,
			);
			name = Products;
			sourceTree = "<group>";
		};
		411D363E26CA7D2B00F77BC8 /* EssentialFeed */ = {
			isa = PBXGroup;
			children = (
				4174477127025574004FF046 /* Feed Cache */,
				416D0BF726FDC5A300EC7795 /* README.md */,
				411D365D26CC496C00F77BC8 /* Feed API */,
				411D363F26CA7D2B00F77BC8 /* EssentialFeed.h */,
				411D364026CA7D2B00F77BC8 /* Info.plist */,
				411D365A26CA7EEB00F77BC8 /* Feed Feature */,
			);
			path = EssentialFeed;
			sourceTree = "<group>";
		};
		411D364926CA7D2C00F77BC8 /* EssentialFeedTests */ = {
			isa = PBXGroup;
			children = (
				4153299C26D4FEB500EFBF56 /* Feed API */,
				416D0BF926FDCAD100EC7795 /* Feed Cache */,
				4153299F26DE046C00EFBF56 /* Helpers */,
				411D364C26CA7D2C00F77BC8 /* Info.plist */,
			);
			path = EssentialFeedTests;
			sourceTree = "<group>";
		};
		411D365A26CA7EEB00F77BC8 /* Feed Feature */ = {
			isa = PBXGroup;
			children = (
				411D365626CA7D5600F77BC8 /* FeedItem.swift */,
				411D365826CA7E0E00F77BC8 /* FeedLoader.swift */,
			);
			path = "Feed Feature";
			sourceTree = "<group>";
		};
		411D365D26CC496C00F77BC8 /* Feed API */ = {
			isa = PBXGroup;
			children = (
				411D365E26CC49A600F77BC8 /* RemoteFeedLoader.swift */,
				4153299826D4CE6100EFBF56 /* HTTPClient.swift */,
				4153299A26D4CEE000EFBF56 /* FeedItemsMapper.swift */,
				4174477627037A74004FF046 /* RemoteFeedItem.swift */,
				415329A226DE54DA00EFBF56 /* URLSessionHTTPClient.swift */,
			);
			path = "Feed API";
			sourceTree = "<group>";
		};
		413B06782717187C00468236 /* FeedStoreSpecs */ = {
			isa = PBXGroup;
			children = (
				413B066E2716130800468236 /* FeedStoreSpecs.swift */,
				413B06702716D61700468236 /* XCTestCase+FeedStoreSpecs.swift */,
				413B0672271714E800468236 /* XCTestCase+FailableRetrieveFeedStoreSpecs.swift */,
				413B06742717166700468236 /* XCTestCase+FailableInsertFeedStoreSpecs.swift */,
				413B0676271717BE00468236 /* XCTestCase+FailableDeleteFeedStoreSpecs.swift */,
			);
			path = FeedStoreSpecs;
			sourceTree = "<group>";
		};
		413B06812724878D00468236 /* Infrastructure */ = {
			isa = PBXGroup;
			children = (
				413B0682272487A400468236 /* CoreData */,
			);
			path = Infrastructure;
			sourceTree = "<group>";
		};
		413B0682272487A400468236 /* CoreData */ = {
			isa = PBXGroup;
			children = (
				413B067B2721FFF300468236 /* CoreDataFeedStore.swift */,
				413B067D2722038900468236 /* FeedStore.xcdatamodeld */,
			);
			path = CoreData;
			sourceTree = "<group>";
		};
		4153299C26D4FEB500EFBF56 /* Feed API */ = {
			isa = PBXGroup;
			children = (
				4153299D26D92F5100EFBF56 /* URLSessionHTTPClientTests.swift */,
				411D365B26CBB34500F77BC8 /* LoadFeedFromRemoteUseCaseTests.swift */,
			);
			path = "Feed API";
			sourceTree = "<group>";
		};
		4153299F26DE046C00EFBF56 /* Helpers */ = {
			isa = PBXGroup;
			children = (
				415329A026DE049C00EFBF56 /* XCTTestCase+MemoryLeakTrackingHelper.swift */,
				41649367270A3F0B00EE596C /* SharedTestHelpers.swift */,
			);
			path = Helpers;
			sourceTree = "<group>";
		};
		415329A926E38DCA00EFBF56 /* EssentialFeedAPIEndToEndTests */ = {
			isa = PBXGroup;
			children = (
				415329AA26E38DCA00EFBF56 /* EssentialFeedAPIEndToEndTests.swift */,
				415329AC26E38DCA00EFBF56 /* Info.plist */,
			);
			path = EssentialFeedAPIEndToEndTests;
			sourceTree = "<group>";
		};
		416D0BF926FDCAD100EC7795 /* Feed Cache */ = {
			isa = PBXGroup;
			children = (
				413B06782717187C00468236 /* FeedStoreSpecs */,
				41DBDBBC27046E04001F0717 /* Helpers */,
				416D0BFA26FDCAF100EC7795 /* CacheFeedUseCaseTests.swift */,
				41DBDBBA27046C71001F0717 /* LoadFeedFromCacheUseCaseTests.swift */,
				41649363270A2A8C00EE596C /* ValidateFeedCacheUseCaseTests.swift */,
				416FCB4E270CCD9600A00BD3 /* CodableFeedStoreTests.swift */,
				413B06792721FDFB00468236 /* CoreDataFeedStoreTests.swift */,
			);
			path = "Feed Cache";
			sourceTree = "<group>";
		};
		4174477127025574004FF046 /* Feed Cache */ = {
			isa = PBXGroup;
			children = (
				413B06812724878D00468236 /* Infrastructure */,
				417447722702558D004FF046 /* LocalFeedLoader.swift */,
				417447742702563E004FF046 /* FeedStore.swift */,
				4174477827037AC4004FF046 /* LocalFeedImage.swift */,
				416FCB4C270B7CB800A00BD3 /* FeedCachePolicy.swift */,
				413B066A2714AF5A00468236 /* CodableFeedStore.swift */,
			);
			path = "Feed Cache";
			sourceTree = "<group>";
		};
		41DBDBBC27046E04001F0717 /* Helpers */ = {
			isa = PBXGroup;
			children = (
				41DBDBBD27047163001F0717 /* FeedStoreSpy.swift */,
				41649365270A3DE900EE596C /* FeedCacheTestHelpers.swift */,
			);
			path = Helpers;
			sourceTree = "<group>";
		};
/* End PBXGroup section */

/* Begin PBXHeadersBuildPhase section */
		411D363726CA7D2B00F77BC8 /* Headers */ = {
			isa = PBXHeadersBuildPhase;
			buildActionMask = 2147483647;
			files = (
				411D364D26CA7D2C00F77BC8 /* EssentialFeed.h in Headers */,
			);
			runOnlyForDeploymentPostprocessing = 0;
		};
/* End PBXHeadersBuildPhase section */

/* Begin PBXNativeTarget section */
		411D363B26CA7D2B00F77BC8 /* EssentialFeed */ = {
			isa = PBXNativeTarget;
			buildConfigurationList = 411D365026CA7D2C00F77BC8 /* Build configuration list for PBXNativeTarget "EssentialFeed" */;
			buildPhases = (
				411D363726CA7D2B00F77BC8 /* Headers */,
				411D363826CA7D2B00F77BC8 /* Sources */,
				411D363926CA7D2B00F77BC8 /* Frameworks */,
				411D363A26CA7D2B00F77BC8 /* Resources */,
			);
			buildRules = (
			);
			dependencies = (
			);
			name = EssentialFeed;
			productName = EssentialFeed;
			productReference = 411D363C26CA7D2B00F77BC8 /* EssentialFeed.framework */;
			productType = "com.apple.product-type.framework";
		};
		411D364426CA7D2C00F77BC8 /* EssentialFeedTests */ = {
			isa = PBXNativeTarget;
			buildConfigurationList = 411D365326CA7D2C00F77BC8 /* Build configuration list for PBXNativeTarget "EssentialFeedTests" */;
			buildPhases = (
				411D364126CA7D2C00F77BC8 /* Sources */,
				411D364226CA7D2C00F77BC8 /* Frameworks */,
				411D364326CA7D2C00F77BC8 /* Resources */,
			);
			buildRules = (
			);
			dependencies = (
				411D364826CA7D2C00F77BC8 /* PBXTargetDependency */,
			);
			name = EssentialFeedTests;
			productName = EssentialFeedTests;
			productReference = 411D364526CA7D2C00F77BC8 /* EssentialFeedTests.xctest */;
			productType = "com.apple.product-type.bundle.unit-test";
		};
		415329A726E38DC900EFBF56 /* EssentialFeedAPIEndToEndTests */ = {
			isa = PBXNativeTarget;
			buildConfigurationList = 415329B026E38DCA00EFBF56 /* Build configuration list for PBXNativeTarget "EssentialFeedAPIEndToEndTests" */;
			buildPhases = (
				415329A426E38DC900EFBF56 /* Sources */,
				415329A526E38DC900EFBF56 /* Frameworks */,
				415329A626E38DC900EFBF56 /* Resources */,
			);
			buildRules = (
			);
			dependencies = (
				415329AF26E38DCA00EFBF56 /* PBXTargetDependency */,
			);
			name = EssentialFeedAPIEndToEndTests;
			productName = EssentialFeedAPIEndToEndTests;
			productReference = 415329A826E38DC900EFBF56 /* EssentialFeedAPIEndToEndTests.xctest */;
			productType = "com.apple.product-type.bundle.unit-test";
		};
/* End PBXNativeTarget section */

/* Begin PBXProject section */
		411D363326CA7D2B00F77BC8 /* Project object */ = {
			isa = PBXProject;
			attributes = {
				LastSwiftUpdateCheck = 1250;
				LastUpgradeCheck = 1250;
				TargetAttributes = {
					411D363B26CA7D2B00F77BC8 = {
						CreatedOnToolsVersion = 12.5;
						LastSwiftMigration = 1250;
					};
					411D364426CA7D2C00F77BC8 = {
						CreatedOnToolsVersion = 12.5;
					};
					415329A726E38DC900EFBF56 = {
						CreatedOnToolsVersion = 12.5;
					};
				};
			};
			buildConfigurationList = 411D363626CA7D2B00F77BC8 /* Build configuration list for PBXProject "EssentialFeed" */;
			compatibilityVersion = "Xcode 9.3";
			developmentRegion = en;
			hasScannedForEncodings = 0;
			knownRegions = (
				en,
				Base,
			);
			mainGroup = 411D363226CA7D2B00F77BC8;
			productRefGroup = 411D363D26CA7D2B00F77BC8 /* Products */;
			projectDirPath = "";
			projectRoot = "";
			targets = (
				411D363B26CA7D2B00F77BC8 /* EssentialFeed */,
				411D364426CA7D2C00F77BC8 /* EssentialFeedTests */,
				415329A726E38DC900EFBF56 /* EssentialFeedAPIEndToEndTests */,
			);
		};
/* End PBXProject section */

/* Begin PBXResourcesBuildPhase section */
		411D363A26CA7D2B00F77BC8 /* Resources */ = {
			isa = PBXResourcesBuildPhase;
			buildActionMask = 2147483647;
			files = (
				416D0BF826FDC5A300EC7795 /* README.md in Resources */,
			);
			runOnlyForDeploymentPostprocessing = 0;
		};
		411D364326CA7D2C00F77BC8 /* Resources */ = {
			isa = PBXResourcesBuildPhase;
			buildActionMask = 2147483647;
			files = (
			);
			runOnlyForDeploymentPostprocessing = 0;
		};
		415329A626E38DC900EFBF56 /* Resources */ = {
			isa = PBXResourcesBuildPhase;
			buildActionMask = 2147483647;
			files = (
			);
			runOnlyForDeploymentPostprocessing = 0;
		};
/* End PBXResourcesBuildPhase section */

/* Begin PBXSourcesBuildPhase section */
		411D363826CA7D2B00F77BC8 /* Sources */ = {
			isa = PBXSourcesBuildPhase;
			buildActionMask = 2147483647;
			files = (
				4153299B26D4CEE000EFBF56 /* FeedItemsMapper.swift in Sources */,
				411D365926CA7E0E00F77BC8 /* FeedLoader.swift in Sources */,
				4174477727037A74004FF046 /* RemoteFeedItem.swift in Sources */,
				416FCB4D270B7CB800A00BD3 /* FeedCachePolicy.swift in Sources */,
				411D365F26CC49A600F77BC8 /* RemoteFeedLoader.swift in Sources */,
				413B06802722B4F800468236 /* FeedStore.xcdatamodeld in Sources */,
				4174477927037AC4004FF046 /* LocalFeedImage.swift in Sources */,
				417447752702563E004FF046 /* FeedStore.swift in Sources */,
				417447732702558D004FF046 /* LocalFeedLoader.swift in Sources */,
				413B066B2714AF5A00468236 /* CodableFeedStore.swift in Sources */,
				4153299926D4CE6100EFBF56 /* HTTPClient.swift in Sources */,
				411D365726CA7D5600F77BC8 /* FeedItem.swift in Sources */,
				415329A326DE54DA00EFBF56 /* URLSessionHTTPClient.swift in Sources */,
				413B067C2721FFF300468236 /* CoreDataFeedStore.swift in Sources */,
			);
			runOnlyForDeploymentPostprocessing = 0;
		};
		411D364126CA7D2C00F77BC8 /* Sources */ = {
			isa = PBXSourcesBuildPhase;
			buildActionMask = 2147483647;
			files = (
				416FCB4F270CCD9600A00BD3 /* CodableFeedStoreTests.swift in Sources */,
				41649366270A3DE900EE596C /* FeedCacheTestHelpers.swift in Sources */,
				413B066D2714AFD100468236 /* SharedTestHelpers.swift in Sources */,
				41649364270A2A8C00EE596C /* ValidateFeedCacheUseCaseTests.swift in Sources */,
				413B06752717166700468236 /* XCTestCase+FailableInsertFeedStoreSpecs.swift in Sources */,
				415329A126DE049C00EFBF56 /* XCTTestCase+MemoryLeakTrackingHelper.swift in Sources */,
				411D365C26CBB34500F77BC8 /* LoadFeedFromRemoteUseCaseTests.swift in Sources */,
				41DBDBBE27047163001F0717 /* FeedStoreSpy.swift in Sources */,
				4153299E26D92F5200EFBF56 /* URLSessionHTTPClientTests.swift in Sources */,
				413B0677271717BE00468236 /* XCTestCase+FailableDeleteFeedStoreSpecs.swift in Sources */,
				41DBDBBB27046C71001F0717 /* LoadFeedFromCacheUseCaseTests.swift in Sources */,
				413B066F2716130800468236 /* FeedStoreSpecs.swift in Sources */,
				416D0BFB26FDCAF100EC7795 /* CacheFeedUseCaseTests.swift in Sources */,
				413B06712716D61800468236 /* XCTestCase+FeedStoreSpecs.swift in Sources */,
				413B067A2721FDFC00468236 /* CoreDataFeedStoreTests.swift in Sources */,
				413B0673271714E800468236 /* XCTestCase+FailableRetrieveFeedStoreSpecs.swift in Sources */,
			);
			runOnlyForDeploymentPostprocessing = 0;
		};
		415329A426E38DC900EFBF56 /* Sources */ = {
			isa = PBXSourcesBuildPhase;
			buildActionMask = 2147483647;
			files = (
				415329B526E4EA9200EFBF56 /* XCTTestCase+MemoryLeakTrackingHelper.swift in Sources */,
				415329AB26E38DCA00EFBF56 /* EssentialFeedAPIEndToEndTests.swift in Sources */,
			);
			runOnlyForDeploymentPostprocessing = 0;
		};
/* End PBXSourcesBuildPhase section */

/* Begin PBXTargetDependency section */
		411D364826CA7D2C00F77BC8 /* PBXTargetDependency */ = {
			isa = PBXTargetDependency;
			target = 411D363B26CA7D2B00F77BC8 /* EssentialFeed */;
			targetProxy = 411D364726CA7D2C00F77BC8 /* PBXContainerItemProxy */;
		};
		415329AF26E38DCA00EFBF56 /* PBXTargetDependency */ = {
			isa = PBXTargetDependency;
			target = 411D363B26CA7D2B00F77BC8 /* EssentialFeed */;
			targetProxy = 415329AE26E38DCA00EFBF56 /* PBXContainerItemProxy */;
		};
/* End PBXTargetDependency section */

/* Begin XCBuildConfiguration section */
		411D364E26CA7D2C00F77BC8 /* Debug */ = {
			isa = XCBuildConfiguration;
			buildSettings = {
				ALWAYS_SEARCH_USER_PATHS = NO;
				CLANG_ANALYZER_NONNULL = YES;
				CLANG_ANALYZER_NUMBER_OBJECT_CONVERSION = YES_AGGRESSIVE;
				CLANG_CXX_LANGUAGE_STANDARD = "gnu++14";
				CLANG_CXX_LIBRARY = "libc++";
				CLANG_ENABLE_MODULES = YES;
				CLANG_ENABLE_OBJC_ARC = YES;
				CLANG_ENABLE_OBJC_WEAK = YES;
				CLANG_WARN_BLOCK_CAPTURE_AUTORELEASING = YES;
				CLANG_WARN_BOOL_CONVERSION = YES;
				CLANG_WARN_COMMA = YES;
				CLANG_WARN_CONSTANT_CONVERSION = YES;
				CLANG_WARN_DEPRECATED_OBJC_IMPLEMENTATIONS = YES;
				CLANG_WARN_DIRECT_OBJC_ISA_USAGE = YES_ERROR;
				CLANG_WARN_DOCUMENTATION_COMMENTS = YES;
				CLANG_WARN_EMPTY_BODY = YES;
				CLANG_WARN_ENUM_CONVERSION = YES;
				CLANG_WARN_INFINITE_RECURSION = YES;
				CLANG_WARN_INT_CONVERSION = YES;
				CLANG_WARN_NON_LITERAL_NULL_CONVERSION = YES;
				CLANG_WARN_OBJC_IMPLICIT_RETAIN_SELF = YES;
				CLANG_WARN_OBJC_LITERAL_CONVERSION = YES;
				CLANG_WARN_OBJC_ROOT_CLASS = YES_ERROR;
				CLANG_WARN_QUOTED_INCLUDE_IN_FRAMEWORK_HEADER = YES;
				CLANG_WARN_RANGE_LOOP_ANALYSIS = YES;
				CLANG_WARN_STRICT_PROTOTYPES = YES;
				CLANG_WARN_SUSPICIOUS_MOVE = YES;
				CLANG_WARN_UNGUARDED_AVAILABILITY = YES_AGGRESSIVE;
				CLANG_WARN_UNREACHABLE_CODE = YES;
				CLANG_WARN__DUPLICATE_METHOD_MATCH = YES;
				COPY_PHASE_STRIP = NO;
				CURRENT_PROJECT_VERSION = 1;
				DEBUG_INFORMATION_FORMAT = dwarf;
				ENABLE_STRICT_OBJC_MSGSEND = YES;
				ENABLE_TESTABILITY = YES;
				GCC_C_LANGUAGE_STANDARD = gnu11;
				GCC_DYNAMIC_NO_PIC = NO;
				GCC_NO_COMMON_BLOCKS = YES;
				GCC_OPTIMIZATION_LEVEL = 0;
				GCC_PREPROCESSOR_DEFINITIONS = (
					"DEBUG=1",
					"$(inherited)",
				);
				GCC_WARN_64_TO_32_BIT_CONVERSION = YES;
				GCC_WARN_ABOUT_RETURN_TYPE = YES_ERROR;
				GCC_WARN_UNDECLARED_SELECTOR = YES;
				GCC_WARN_UNINITIALIZED_AUTOS = YES_AGGRESSIVE;
				GCC_WARN_UNUSED_FUNCTION = YES;
				GCC_WARN_UNUSED_VARIABLE = YES;
				MACOSX_DEPLOYMENT_TARGET = 11.3;
				MTL_ENABLE_DEBUG_INFO = INCLUDE_SOURCE;
				MTL_FAST_MATH = YES;
				ONLY_ACTIVE_ARCH = YES;
				SDKROOT = macosx;
				SWIFT_ACTIVE_COMPILATION_CONDITIONS = DEBUG;
				SWIFT_OPTIMIZATION_LEVEL = "-Onone";
				VERSIONING_SYSTEM = "apple-generic";
				VERSION_INFO_PREFIX = "";
			};
			name = Debug;
		};
		411D364F26CA7D2C00F77BC8 /* Release */ = {
			isa = XCBuildConfiguration;
			buildSettings = {
				ALWAYS_SEARCH_USER_PATHS = NO;
				CLANG_ANALYZER_NONNULL = YES;
				CLANG_ANALYZER_NUMBER_OBJECT_CONVERSION = YES_AGGRESSIVE;
				CLANG_CXX_LANGUAGE_STANDARD = "gnu++14";
				CLANG_CXX_LIBRARY = "libc++";
				CLANG_ENABLE_MODULES = YES;
				CLANG_ENABLE_OBJC_ARC = YES;
				CLANG_ENABLE_OBJC_WEAK = YES;
				CLANG_WARN_BLOCK_CAPTURE_AUTORELEASING = YES;
				CLANG_WARN_BOOL_CONVERSION = YES;
				CLANG_WARN_COMMA = YES;
				CLANG_WARN_CONSTANT_CONVERSION = YES;
				CLANG_WARN_DEPRECATED_OBJC_IMPLEMENTATIONS = YES;
				CLANG_WARN_DIRECT_OBJC_ISA_USAGE = YES_ERROR;
				CLANG_WARN_DOCUMENTATION_COMMENTS = YES;
				CLANG_WARN_EMPTY_BODY = YES;
				CLANG_WARN_ENUM_CONVERSION = YES;
				CLANG_WARN_INFINITE_RECURSION = YES;
				CLANG_WARN_INT_CONVERSION = YES;
				CLANG_WARN_NON_LITERAL_NULL_CONVERSION = YES;
				CLANG_WARN_OBJC_IMPLICIT_RETAIN_SELF = YES;
				CLANG_WARN_OBJC_LITERAL_CONVERSION = YES;
				CLANG_WARN_OBJC_ROOT_CLASS = YES_ERROR;
				CLANG_WARN_QUOTED_INCLUDE_IN_FRAMEWORK_HEADER = YES;
				CLANG_WARN_RANGE_LOOP_ANALYSIS = YES;
				CLANG_WARN_STRICT_PROTOTYPES = YES;
				CLANG_WARN_SUSPICIOUS_MOVE = YES;
				CLANG_WARN_UNGUARDED_AVAILABILITY = YES_AGGRESSIVE;
				CLANG_WARN_UNREACHABLE_CODE = YES;
				CLANG_WARN__DUPLICATE_METHOD_MATCH = YES;
				COPY_PHASE_STRIP = NO;
				CURRENT_PROJECT_VERSION = 1;
				DEBUG_INFORMATION_FORMAT = "dwarf-with-dsym";
				ENABLE_NS_ASSERTIONS = NO;
				ENABLE_STRICT_OBJC_MSGSEND = YES;
				GCC_C_LANGUAGE_STANDARD = gnu11;
				GCC_NO_COMMON_BLOCKS = YES;
				GCC_WARN_64_TO_32_BIT_CONVERSION = YES;
				GCC_WARN_ABOUT_RETURN_TYPE = YES_ERROR;
				GCC_WARN_UNDECLARED_SELECTOR = YES;
				GCC_WARN_UNINITIALIZED_AUTOS = YES_AGGRESSIVE;
				GCC_WARN_UNUSED_FUNCTION = YES;
				GCC_WARN_UNUSED_VARIABLE = YES;
				MACOSX_DEPLOYMENT_TARGET = 11.3;
				MTL_ENABLE_DEBUG_INFO = NO;
				MTL_FAST_MATH = YES;
				SDKROOT = macosx;
				SWIFT_COMPILATION_MODE = wholemodule;
				SWIFT_OPTIMIZATION_LEVEL = "-O";
				VERSIONING_SYSTEM = "apple-generic";
				VERSION_INFO_PREFIX = "";
			};
			name = Release;
		};
		411D365126CA7D2C00F77BC8 /* Debug */ = {
			isa = XCBuildConfiguration;
			buildSettings = {
				CLANG_ENABLE_MODULES = YES;
				CODE_SIGN_IDENTITY = "Apple Development";
				CODE_SIGN_STYLE = Automatic;
				COMBINE_HIDPI_IMAGES = YES;
				DEFINES_MODULE = YES;
				DEVELOPMENT_TEAM = VU9T5K6KZV;
				DYLIB_COMPATIBILITY_VERSION = 1;
				DYLIB_CURRENT_VERSION = 1;
				DYLIB_INSTALL_NAME_BASE = "@rpath";
				INFOPLIST_FILE = EssentialFeed/Info.plist;
				INSTALL_PATH = "$(LOCAL_LIBRARY_DIR)/Frameworks";
				LD_RUNPATH_SEARCH_PATHS = (
					"$(inherited)",
					"@executable_path/../Frameworks",
					"@loader_path/Frameworks",
				);
				PRODUCT_BUNDLE_IDENTIFIER = wolf.alliance.projects.EssentialFeed;
				PRODUCT_NAME = "$(TARGET_NAME:c99extidentifier)";
				PROVISIONING_PROFILE_SPECIFIER = "";
				SKIP_INSTALL = YES;
				SWIFT_OPTIMIZATION_LEVEL = "-Onone";
				SWIFT_VERSION = 5.0;
			};
			name = Debug;
		};
		411D365226CA7D2C00F77BC8 /* Release */ = {
			isa = XCBuildConfiguration;
			buildSettings = {
				CLANG_ENABLE_MODULES = YES;
				CODE_SIGN_IDENTITY = "Apple Development";
				CODE_SIGN_STYLE = Automatic;
				COMBINE_HIDPI_IMAGES = YES;
				DEFINES_MODULE = YES;
				DEVELOPMENT_TEAM = VU9T5K6KZV;
				DYLIB_COMPATIBILITY_VERSION = 1;
				DYLIB_CURRENT_VERSION = 1;
				DYLIB_INSTALL_NAME_BASE = "@rpath";
				INFOPLIST_FILE = EssentialFeed/Info.plist;
				INSTALL_PATH = "$(LOCAL_LIBRARY_DIR)/Frameworks";
				LD_RUNPATH_SEARCH_PATHS = (
					"$(inherited)",
					"@executable_path/../Frameworks",
					"@loader_path/Frameworks",
				);
				PRODUCT_BUNDLE_IDENTIFIER = wolf.alliance.projects.EssentialFeed;
				PRODUCT_NAME = "$(TARGET_NAME:c99extidentifier)";
				PROVISIONING_PROFILE_SPECIFIER = "";
				SKIP_INSTALL = YES;
				SWIFT_VERSION = 5.0;
			};
			name = Release;
		};
		411D365426CA7D2C00F77BC8 /* Debug */ = {
			isa = XCBuildConfiguration;
			buildSettings = {
				ALWAYS_EMBED_SWIFT_STANDARD_LIBRARIES = YES;
				CODE_SIGN_STYLE = Automatic;
				COMBINE_HIDPI_IMAGES = YES;
				DEVELOPMENT_TEAM = VU9T5K6KZV;
				INFOPLIST_FILE = EssentialFeedTests/Info.plist;
				LD_RUNPATH_SEARCH_PATHS = (
					"$(inherited)",
					"@executable_path/../Frameworks",
					"@loader_path/../Frameworks",
				);
				PRODUCT_BUNDLE_IDENTIFIER = wolf.alliance.projects.EssentialFeedTests;
				PRODUCT_NAME = "$(TARGET_NAME)";
				SWIFT_VERSION = 5.0;
			};
			name = Debug;
		};
		411D365526CA7D2C00F77BC8 /* Release */ = {
			isa = XCBuildConfiguration;
			buildSettings = {
				ALWAYS_EMBED_SWIFT_STANDARD_LIBRARIES = YES;
				CODE_SIGN_STYLE = Automatic;
				COMBINE_HIDPI_IMAGES = YES;
				DEVELOPMENT_TEAM = VU9T5K6KZV;
				INFOPLIST_FILE = EssentialFeedTests/Info.plist;
				LD_RUNPATH_SEARCH_PATHS = (
					"$(inherited)",
					"@executable_path/../Frameworks",
					"@loader_path/../Frameworks",
				);
				PRODUCT_BUNDLE_IDENTIFIER = wolf.alliance.projects.EssentialFeedTests;
				PRODUCT_NAME = "$(TARGET_NAME)";
				SWIFT_VERSION = 5.0;
			};
			name = Release;
		};
		415329B126E38DCA00EFBF56 /* Debug */ = {
			isa = XCBuildConfiguration;
			buildSettings = {
				CODE_SIGN_STYLE = Automatic;
				COMBINE_HIDPI_IMAGES = YES;
				DEVELOPMENT_TEAM = VU9T5K6KZV;
				INFOPLIST_FILE = EssentialFeedAPIEndToEndTests/Info.plist;
				LD_RUNPATH_SEARCH_PATHS = (
					"$(inherited)",
					"@executable_path/../Frameworks",
					"@loader_path/../Frameworks",
				);
				PRODUCT_BUNDLE_IDENTIFIER = wolf.alliance.projects.EssentialFeedAPIEndToEndTests;
				PRODUCT_NAME = "$(TARGET_NAME)";
				SWIFT_VERSION = 5.0;
			};
			name = Debug;
		};
		415329B226E38DCA00EFBF56 /* Release */ = {
			isa = XCBuildConfiguration;
			buildSettings = {
				CODE_SIGN_STYLE = Automatic;
				COMBINE_HIDPI_IMAGES = YES;
				DEVELOPMENT_TEAM = VU9T5K6KZV;
				INFOPLIST_FILE = EssentialFeedAPIEndToEndTests/Info.plist;
				LD_RUNPATH_SEARCH_PATHS = (
					"$(inherited)",
					"@executable_path/../Frameworks",
					"@loader_path/../Frameworks",
				);
				PRODUCT_BUNDLE_IDENTIFIER = wolf.alliance.projects.EssentialFeedAPIEndToEndTests;
				PRODUCT_NAME = "$(TARGET_NAME)";
				SWIFT_VERSION = 5.0;
			};
			name = Release;
		};
/* End XCBuildConfiguration section */

/* Begin XCConfigurationList section */
		411D363626CA7D2B00F77BC8 /* Build configuration list for PBXProject "EssentialFeed" */ = {
			isa = XCConfigurationList;
			buildConfigurations = (
				411D364E26CA7D2C00F77BC8 /* Debug */,
				411D364F26CA7D2C00F77BC8 /* Release */,
			);
			defaultConfigurationIsVisible = 0;
			defaultConfigurationName = Release;
		};
		411D365026CA7D2C00F77BC8 /* Build configuration list for PBXNativeTarget "EssentialFeed" */ = {
			isa = XCConfigurationList;
			buildConfigurations = (
				411D365126CA7D2C00F77BC8 /* Debug */,
				411D365226CA7D2C00F77BC8 /* Release */,
			);
			defaultConfigurationIsVisible = 0;
			defaultConfigurationName = Release;
		};
		411D365326CA7D2C00F77BC8 /* Build configuration list for PBXNativeTarget "EssentialFeedTests" */ = {
			isa = XCConfigurationList;
			buildConfigurations = (
				411D365426CA7D2C00F77BC8 /* Debug */,
				411D365526CA7D2C00F77BC8 /* Release */,
			);
			defaultConfigurationIsVisible = 0;
			defaultConfigurationName = Release;
		};
		415329B026E38DCA00EFBF56 /* Build configuration list for PBXNativeTarget "EssentialFeedAPIEndToEndTests" */ = {
			isa = XCConfigurationList;
			buildConfigurations = (
				415329B126E38DCA00EFBF56 /* Debug */,
				415329B226E38DCA00EFBF56 /* Release */,
			);
			defaultConfigurationIsVisible = 0;
			defaultConfigurationName = Release;
		};
/* End XCConfigurationList section */

/* Begin XCVersionGroup section */
		413B067D2722038900468236 /* FeedStore.xcdatamodeld */ = {
			isa = XCVersionGroup;
			children = (
				413B067E2722038900468236 /* FeedStore.xcdatamodel */,
			);
			currentVersion = 413B067E2722038900468236 /* FeedStore.xcdatamodel */;
			path = FeedStore.xcdatamodeld;
			sourceTree = "<group>";
			versionGroupType = wrapper.xcdatamodel;
		};
/* End XCVersionGroup section */
	};
	rootObject = 411D363326CA7D2B00F77BC8 /* Project object */;
}
